
Microsoft Visual Studio Solution File, Format Version 12.00
# Visual Studio 15
VisualStudioVersion = 15.0.26730.12
MinimumVisualStudioVersion = 10.0.40219.1
Project("{FAE04EC0-301F-11D3-BF4B-00C04F79EFBC}") = "ZenithWebSite", "ZenithWebSite\ZenithWebSite.csproj", "{3510039C-CFD1-4331-84F6-7472BF1C8BD0}"
EndProject
Project("{FAE04EC0-301F-11D3-BF4B-00C04F79EFBC}") = "ZenithDataLib", "ZenithDataLib\ZenithDataLib.csproj", "{7A312750-C7DA-4656-A819-8C4617D8E8A5}"
EndProject
Global
	GlobalSection(SolutionConfigurationPlatforms) = preSolution
		Debug|Any CPU = Debug|Any CPU
		Release|Any CPU = Release|Any CPU
	EndGlobalSection
	GlobalSection(ProjectConfigurationPlatforms) = postSolution
		{3510039C-CFD1-4331-84F6-7472BF1C8BD0}.Debug|Any CPU.ActiveCfg = Debug|Any CPU
		{3510039C-CFD1-4331-84F6-7472BF1C8BD0}.Debug|Any CPU.Build.0 = Debug|Any CPU
		{3510039C-CFD1-4331-84F6-7472BF1C8BD0}.Release|Any CPU.ActiveCfg = Release|Any CPU
		{3510039C-CFD1-4331-84F6-7472BF1C8BD0}.Release|Any CPU.Build.0 = Release|Any CPU
		{7A312750-C7DA-4656-A819-8C4617D8E8A5}.Debug|Any CPU.ActiveCfg = Debug|Any CPU
		{7A312750-C7DA-4656-A819-8C4617D8E8A5}.Debug|Any CPU.Build.0 = Debug|Any CPU
		{7A312750-C7DA-4656-A819-8C4617D8E8A5}.Release|Any CPU.ActiveCfg = Release|Any CPU
		{7A312750-C7DA-4656-A819-8C4617D8E8A5}.Release|Any CPU.Build.0 = Release|Any CPU
	EndGlobalSection
	GlobalSection(SolutionProperties) = preSolution
		HideSolutionNode = FALSE
	EndGlobalSection
	GlobalSection(ExtensibilityGlobals) = postSolution
		SolutionGuid = {4C48F93A-6C65-4EFE-9692-627F585BA383}
	EndGlobalSection
EndGlobal
