
Microsoft Visual Studio Solution File, Format Version 12.00
# Visual Studio 15
VisualStudioVersion = 15.0.26730.12
MinimumVisualStudioVersion = 10.0.40219.1
Project("{FAE04EC0-301F-11D3-BF4B-00C04F79EFBC}") = "ZenithDataLib", "ZenithDataLib\ZenithDataLib.csproj", "{A9592B22-850C-42C8-9ADF-74F0C7FD8317}"
EndProject
Project("{FAE04EC0-301F-11D3-BF4B-00C04F79EFBC}") = "ZenithWebSite", "ZenithWebSite\ZenithWebSite.csproj", "{0BB30525-238C-4BD7-8AB1-4889DFB981B5}"
EndProject
Global
	GlobalSection(SolutionConfigurationPlatforms) = preSolution
		Debug|Any CPU = Debug|Any CPU
		Release|Any CPU = Release|Any CPU
	EndGlobalSection
	GlobalSection(ProjectConfigurationPlatforms) = postSolution
		{A9592B22-850C-42C8-9ADF-74F0C7FD8317}.Debug|Any CPU.ActiveCfg = Debug|Any CPU
		{A9592B22-850C-42C8-9ADF-74F0C7FD8317}.Debug|Any CPU.Build.0 = Debug|Any CPU
		{A9592B22-850C-42C8-9ADF-74F0C7FD8317}.Release|Any CPU.ActiveCfg = Release|Any CPU
		{A9592B22-850C-42C8-9ADF-74F0C7FD8317}.Release|Any CPU.Build.0 = Release|Any CPU
		{0BB30525-238C-4BD7-8AB1-4889DFB981B5}.Debug|Any CPU.ActiveCfg = Debug|Any CPU
		{0BB30525-238C-4BD7-8AB1-4889DFB981B5}.Debug|Any CPU.Build.0 = Debug|Any CPU
		{0BB30525-238C-4BD7-8AB1-4889DFB981B5}.Release|Any CPU.ActiveCfg = Release|Any CPU
		{0BB30525-238C-4BD7-8AB1-4889DFB981B5}.Release|Any CPU.Build.0 = Release|Any CPU
	EndGlobalSection
	GlobalSection(SolutionProperties) = preSolution
		HideSolutionNode = FALSE
	EndGlobalSection
	GlobalSection(ExtensibilityGlobals) = postSolution
		SolutionGuid = {2E9A896F-E554-429A-9699-A26B03A3F249}
	EndGlobalSection
EndGlobal
